
Microsoft Visual Studio Solution File, Format Version 12.00
# Visual Studio Version 17
VisualStudioVersion = 17.0.31903.59
MinimumVisualStudioVersion = 10.0.40219.1
Project("{FAE04EC0-301F-11D3-BF4B-00C04F79EFBC}") = "AdventOfCode", "AdventOfCode\AdventOfCode.csproj", "{C2E1BC5A-B52A-4524-93BC-7D773C92C17D}"
EndProject
Global
	GlobalSection(SolutionConfigurationPlatforms) = preSolution
		Debug|Any CPU = Debug|Any CPU
		Release|Any CPU = Release|Any CPU
	EndGlobalSection
	GlobalSection(ProjectConfigurationPlatforms) = postSolution
		{C2E1BC5A-B52A-4524-93BC-7D773C92C17D}.Debug|Any CPU.ActiveCfg = Debug|Any CPU
		{C2E1BC5A-B52A-4524-93BC-7D773C92C17D}.Debug|Any CPU.Build.0 = Debug|Any CPU
		{C2E1BC5A-B52A-4524-93BC-7D773C92C17D}.Release|Any CPU.ActiveCfg = Release|Any CPU
		{C2E1BC5A-B52A-4524-93BC-7D773C92C17D}.Release|Any CPU.Build.0 = Release|Any CPU
	EndGlobalSection
	GlobalSection(SolutionProperties) = preSolution
		HideSolutionNode = FALSE
	EndGlobalSection
	GlobalSection(ExtensibilityGlobals) = postSolution
		SolutionGuid = {0AA20BB5-7932-4074-B228-2C0B3177631C}
	EndGlobalSection
EndGlobal
